
Microsoft Visual Studio Solution File, Format Version 12.00
# Visual Studio Version 16
VisualStudioVersion = 16.0.29613.14
MinimumVisualStudioVersion = 10.0.40219.1
Project("{FAE04EC0-301F-11D3-BF4B-00C04F79EFBC}") = "CustomRunspaceStarter", "CustomRunspaceStarter.csproj", "{B4774D12-A5F4-4249-920C-B86494052F6E}"
EndProject
Global
	GlobalSection(SolutionConfigurationPlatforms) = preSolution
		Debug|Any CPU = Debug|Any CPU
		Release|Any CPU = Release|Any CPU
	EndGlobalSection
	GlobalSection(ProjectConfigurationPlatforms) = postSolution
		{B4774D12-A5F4-4249-920C-B86494052F6E}.Debug|Any CPU.ActiveCfg = Debug|Any CPU
		{B4774D12-A5F4-4249-920C-B86494052F6E}.Debug|Any CPU.Build.0 = Debug|Any CPU
		{B4774D12-A5F4-4249-920C-B86494052F6E}.Release|Any CPU.ActiveCfg = Release|Any CPU
		{B4774D12-A5F4-4249-920C-B86494052F6E}.Release|Any CPU.Build.0 = Release|Any CPU
	EndGlobalSection
	GlobalSection(SolutionProperties) = preSolution
		HideSolutionNode = FALSE
	EndGlobalSection
	GlobalSection(ExtensibilityGlobals) = postSolution
		SolutionGuid = {B81825C3-92AB-456D-8DF9-B3DA15346C13}
	EndGlobalSection
EndGlobal
